
Microsoft Visual Studio Solution File, Format Version 12.00
# Visual Studio Version 16
VisualStudioVersion = 16.0.33529.622
MinimumVisualStudioVersion = 10.0.40219.1
Project("{FAE04EC0-301F-11D3-BF4B-00C04F79EFBC}") = "PlanSwitcher", "PlanSwitcher.csproj", "{0E81FDA8-766B-4400-A04C-E486EF932584}"
EndProject
Global
	GlobalSection(SolutionConfigurationPlatforms) = preSolution
		Debug|Any CPU = Debug|Any CPU
		Release|Any CPU = Release|Any CPU
	EndGlobalSection
	GlobalSection(ProjectConfigurationPlatforms) = postSolution
		{0E81FDA8-766B-4400-A04C-E486EF932584}.Debug|Any CPU.ActiveCfg = Debug|Any CPU
		{0E81FDA8-766B-4400-A04C-E486EF932584}.Debug|Any CPU.Build.0 = Debug|Any CPU
		{0E81FDA8-766B-4400-A04C-E486EF932584}.Release|Any CPU.ActiveCfg = Release|Any CPU
		{0E81FDA8-766B-4400-A04C-E486EF932584}.Release|Any CPU.Build.0 = Release|Any CPU
	EndGlobalSection
	GlobalSection(SolutionProperties) = preSolution
		HideSolutionNode = FALSE
	EndGlobalSection
	GlobalSection(ExtensibilityGlobals) = postSolution
		SolutionGuid = {C1954C9F-CCB0-4AFF-91ED-B0744E8578E2}
	EndGlobalSection
EndGlobal
